
Microsoft Visual Studio Solution File, Format Version 12.00
# Visual Studio Version 16
VisualStudioVersion = 16.0.30114.105
MinimumVisualStudioVersion = 10.0.40219.1
Project("{FAE04EC0-301F-11D3-BF4B-00C04F79EFBC}") = "BWInf39_A1", "BWInf39_A1\BWInf39_A1.csproj", "{9ECBBBEE-EADB-4F3C-A5A3-0C94BF09D0BB}"
EndProject
Global
	GlobalSection(SolutionConfigurationPlatforms) = preSolution
		Debug|Any CPU = Debug|Any CPU
		Release|Any CPU = Release|Any CPU
	EndGlobalSection
	GlobalSection(ProjectConfigurationPlatforms) = postSolution
		{9ECBBBEE-EADB-4F3C-A5A3-0C94BF09D0BB}.Debug|Any CPU.ActiveCfg = Debug|Any CPU
		{9ECBBBEE-EADB-4F3C-A5A3-0C94BF09D0BB}.Debug|Any CPU.Build.0 = Debug|Any CPU
		{9ECBBBEE-EADB-4F3C-A5A3-0C94BF09D0BB}.Release|Any CPU.ActiveCfg = Release|Any CPU
		{9ECBBBEE-EADB-4F3C-A5A3-0C94BF09D0BB}.Release|Any CPU.Build.0 = Release|Any CPU
	EndGlobalSection
	GlobalSection(SolutionProperties) = preSolution
		HideSolutionNode = FALSE
	EndGlobalSection
	GlobalSection(ExtensibilityGlobals) = postSolution
		SolutionGuid = {3FAFCF5B-3C68-432F-ADB5-76B2323BFB50}
	EndGlobalSection
EndGlobal
